
Microsoft Visual Studio Solution File, Format Version 12.00
# Visual Studio Version 17
VisualStudioVersion = 17.7.34221.43
MinimumVisualStudioVersion = 10.0.40219.1
Project("{FAE04EC0-301F-11D3-BF4B-00C04F79EFBC}") = "Customer Relationship Management", "Customer Relationship Management\Customer Relationship Management.csproj", "{9ED9096A-7742-42B5-81EE-9A70AFEBBFC5}"
EndProject
Global
	GlobalSection(SolutionConfigurationPlatforms) = preSolution
		Debug|Any CPU = Debug|Any CPU
		Release|Any CPU = Release|Any CPU
	EndGlobalSection
	GlobalSection(ProjectConfigurationPlatforms) = postSolution
		{9ED9096A-7742-42B5-81EE-9A70AFEBBFC5}.Debug|Any CPU.ActiveCfg = Debug|Any CPU
		{9ED9096A-7742-42B5-81EE-9A70AFEBBFC5}.Debug|Any CPU.Build.0 = Debug|Any CPU
		{9ED9096A-7742-42B5-81EE-9A70AFEBBFC5}.Release|Any CPU.ActiveCfg = Release|Any CPU
		{9ED9096A-7742-42B5-81EE-9A70AFEBBFC5}.Release|Any CPU.Build.0 = Release|Any CPU
	EndGlobalSection
	GlobalSection(SolutionProperties) = preSolution
		HideSolutionNode = FALSE
	EndGlobalSection
	GlobalSection(ExtensibilityGlobals) = postSolution
		SolutionGuid = {383539BC-0AEE-4CF9-A4E0-6760266E7C6D}
	EndGlobalSection
EndGlobal
